
Microsoft Visual Studio Solution File, Format Version 12.00
# Visual Studio Version 17
VisualStudioVersion = 17.2.32630.192
MinimumVisualStudioVersion = 10.0.40219.1
Project("{FAE04EC0-301F-11D3-BF4B-00C04F79EFBC}") = "View", "OnTheFly_versao3\View.csproj", "{4C3B5DF5-8B0B-4DA1-A0E4-F57BE847969F}"
EndProject
Project("{FAE04EC0-301F-11D3-BF4B-00C04F79EFBC}") = "Model", "Model\Model.csproj", "{53551789-9B62-4CC6-9631-11B53252243F}"
EndProject
Project("{FAE04EC0-301F-11D3-BF4B-00C04F79EFBC}") = "Controller", "Controller\Controller.csproj", "{1CDE3824-D025-4C84-AE01-7989E691314B}"
EndProject
Project("{FAE04EC0-301F-11D3-BF4B-00C04F79EFBC}") = "Utils", "Utils\Utils.csproj", "{CEA4D0B2-2118-40BC-9B92-BE2764C31B06}"
EndProject
Global
	GlobalSection(SolutionConfigurationPlatforms) = preSolution
		Debug|Any CPU = Debug|Any CPU
		Release|Any CPU = Release|Any CPU
	EndGlobalSection
	GlobalSection(ProjectConfigurationPlatforms) = postSolution
		{4C3B5DF5-8B0B-4DA1-A0E4-F57BE847969F}.Debug|Any CPU.ActiveCfg = Debug|Any CPU
		{4C3B5DF5-8B0B-4DA1-A0E4-F57BE847969F}.Debug|Any CPU.Build.0 = Debug|Any CPU
		{4C3B5DF5-8B0B-4DA1-A0E4-F57BE847969F}.Release|Any CPU.ActiveCfg = Release|Any CPU
		{4C3B5DF5-8B0B-4DA1-A0E4-F57BE847969F}.Release|Any CPU.Build.0 = Release|Any CPU
		{53551789-9B62-4CC6-9631-11B53252243F}.Debug|Any CPU.ActiveCfg = Debug|Any CPU
		{53551789-9B62-4CC6-9631-11B53252243F}.Debug|Any CPU.Build.0 = Debug|Any CPU
		{53551789-9B62-4CC6-9631-11B53252243F}.Release|Any CPU.ActiveCfg = Release|Any CPU
		{53551789-9B62-4CC6-9631-11B53252243F}.Release|Any CPU.Build.0 = Release|Any CPU
		{1CDE3824-D025-4C84-AE01-7989E691314B}.Debug|Any CPU.ActiveCfg = Debug|Any CPU
		{1CDE3824-D025-4C84-AE01-7989E691314B}.Debug|Any CPU.Build.0 = Debug|Any CPU
		{1CDE3824-D025-4C84-AE01-7989E691314B}.Release|Any CPU.ActiveCfg = Release|Any CPU
		{1CDE3824-D025-4C84-AE01-7989E691314B}.Release|Any CPU.Build.0 = Release|Any CPU
		{CEA4D0B2-2118-40BC-9B92-BE2764C31B06}.Debug|Any CPU.ActiveCfg = Debug|Any CPU
		{CEA4D0B2-2118-40BC-9B92-BE2764C31B06}.Debug|Any CPU.Build.0 = Debug|Any CPU
		{CEA4D0B2-2118-40BC-9B92-BE2764C31B06}.Release|Any CPU.ActiveCfg = Release|Any CPU
		{CEA4D0B2-2118-40BC-9B92-BE2764C31B06}.Release|Any CPU.Build.0 = Release|Any CPU
	EndGlobalSection
	GlobalSection(SolutionProperties) = preSolution
		HideSolutionNode = FALSE
	EndGlobalSection
	GlobalSection(ExtensibilityGlobals) = postSolution
		SolutionGuid = {3733530B-909D-4B24-9DF7-0F73B92DC82B}
	EndGlobalSection
EndGlobal
